
Microsoft Visual Studio Solution File, Format Version 12.00
# Visual Studio 2012
Project("{FAE04EC0-301F-11D3-BF4B-00C04F79EFBC}") = "SimpleSwaggerGenerator.CLI", "SimpleSwaggerGenerator.CLI\SimpleSwaggerGenerator.CLI.csproj", "{31C7F8D3-A871-421B-ABE6-EFEA74423560}"
EndProject
Project("{FAE04EC0-301F-11D3-BF4B-00C04F79EFBC}") = "SimpleSwaggerGenerator", "SimpleSwaggerGenerator\SimpleSwaggerGenerator.csproj", "{DAF92B56-733A-4A14-A306-3D60BFE84774}"
EndProject
Global
	GlobalSection(SolutionConfigurationPlatforms) = preSolution
		Debug|x86 = Debug|x86
		Release|x86 = Release|x86
		Debug|iPhoneSimulator = Debug|iPhoneSimulator
		Release|iPhone = Release|iPhone
		Release|iPhoneSimulator = Release|iPhoneSimulator
		Debug|iPhone = Debug|iPhone
	EndGlobalSection
	GlobalSection(ProjectConfigurationPlatforms) = postSolution
		{31C7F8D3-A871-421B-ABE6-EFEA74423560}.Debug|x86.ActiveCfg = Debug|x86
		{31C7F8D3-A871-421B-ABE6-EFEA74423560}.Debug|x86.Build.0 = Debug|x86
		{31C7F8D3-A871-421B-ABE6-EFEA74423560}.Release|x86.ActiveCfg = Release|x86
		{31C7F8D3-A871-421B-ABE6-EFEA74423560}.Release|x86.Build.0 = Release|x86
		{31C7F8D3-A871-421B-ABE6-EFEA74423560}.Debug|iPhoneSimulator.ActiveCfg = Debug|x86
		{31C7F8D3-A871-421B-ABE6-EFEA74423560}.Debug|iPhoneSimulator.Build.0 = Debug|x86
		{31C7F8D3-A871-421B-ABE6-EFEA74423560}.Release|iPhone.ActiveCfg = Release|x86
		{31C7F8D3-A871-421B-ABE6-EFEA74423560}.Release|iPhone.Build.0 = Release|x86
		{31C7F8D3-A871-421B-ABE6-EFEA74423560}.Release|iPhoneSimulator.ActiveCfg = Release|x86
		{31C7F8D3-A871-421B-ABE6-EFEA74423560}.Release|iPhoneSimulator.Build.0 = Release|x86
		{31C7F8D3-A871-421B-ABE6-EFEA74423560}.Debug|iPhone.ActiveCfg = Debug|x86
		{31C7F8D3-A871-421B-ABE6-EFEA74423560}.Debug|iPhone.Build.0 = Debug|x86
		{DAF92B56-733A-4A14-A306-3D60BFE84774}.Debug|x86.ActiveCfg = Debug|Any CPU
		{DAF92B56-733A-4A14-A306-3D60BFE84774}.Debug|x86.Build.0 = Debug|Any CPU
		{DAF92B56-733A-4A14-A306-3D60BFE84774}.Release|x86.ActiveCfg = Release|Any CPU
		{DAF92B56-733A-4A14-A306-3D60BFE84774}.Release|x86.Build.0 = Release|Any CPU
		{DAF92B56-733A-4A14-A306-3D60BFE84774}.Debug|iPhoneSimulator.ActiveCfg = Debug|Any CPU
		{DAF92B56-733A-4A14-A306-3D60BFE84774}.Debug|iPhoneSimulator.Build.0 = Debug|Any CPU
		{DAF92B56-733A-4A14-A306-3D60BFE84774}.Release|iPhone.ActiveCfg = Release|Any CPU
		{DAF92B56-733A-4A14-A306-3D60BFE84774}.Release|iPhone.Build.0 = Release|Any CPU
		{DAF92B56-733A-4A14-A306-3D60BFE84774}.Release|iPhoneSimulator.ActiveCfg = Release|Any CPU
		{DAF92B56-733A-4A14-A306-3D60BFE84774}.Release|iPhoneSimulator.Build.0 = Release|Any CPU
		{DAF92B56-733A-4A14-A306-3D60BFE84774}.Debug|iPhone.ActiveCfg = Debug|Any CPU
		{DAF92B56-733A-4A14-A306-3D60BFE84774}.Debug|iPhone.Build.0 = Debug|Any CPU
	EndGlobalSection
	GlobalSection(NestedProjects) = preSolution
	EndGlobalSection
EndGlobal
